// !$*UTF8*$!
{
	archiveVersion = 1;
	classes = {
	};
	objectVersion = 55;
	objects = {

/* Begin PBXBuildFile section */
		053C202D2748B4F100F85907 /* willsmith-video.mp4 in Resources */ = {isa = PBXBuildFile; fileRef = 053C202C2748B4F100F85907 /* willsmith-video.mp4 */; };
		053C202F2748B78100F85907 /* jaden-video.mp4 in Resources */ = {isa = PBXBuildFile; fileRef = 053C202E2748B78100F85907 /* jaden-video.mp4 */; };
		053C20312748B79000F85907 /* badbunny-video.mp4 in Resources */ = {isa = PBXBuildFile; fileRef = 053C20302748B79000F85907 /* badbunny-video.mp4 */; };
		053C20362748B90800F85907 /* maluma-video.mp4 in Resources */ = {isa = PBXBuildFile; fileRef = 053C20322748B90700F85907 /* maluma-video.mp4 */; };
		053C20372748B90800F85907 /* selena-video.mp4 in Resources */ = {isa = PBXBuildFile; fileRef = 053C20332748B90700F85907 /* selena-video.mp4 */; };
		053C20382748B90800F85907 /* jbalvin-video.mp4 in Resources */ = {isa = PBXBuildFile; fileRef = 053C20342748B90700F85907 /* jbalvin-video.mp4 */; };
		053C20392748B90800F85907 /* travis.mp4 in Resources */ = {isa = PBXBuildFile; fileRef = 053C20352748B90800F85907 /* travis.mp4 */; };
		0573570B2748AF0D004CAF03 /* MusicPauseApp.swift in Sources */ = {isa = PBXBuildFile; fileRef = 0573570A2748AF0D004CAF03 /* MusicPauseApp.swift */; };
		0573570D2748AF0D004CAF03 /* ContentView.swift in Sources */ = {isa = PBXBuildFile; fileRef = 0573570C2748AF0D004CAF03 /* ContentView.swift */; };
		0573570F2748AF0E004CAF03 /* Assets.xcassets in Resources */ = {isa = PBXBuildFile; fileRef = 0573570E2748AF0E004CAF03 /* Assets.xcassets */; };
		057357122748AF0E004CAF03 /* Preview Assets.xcassets in Resources */ = {isa = PBXBuildFile; fileRef = 057357112748AF0E004CAF03 /* Preview Assets.xcassets */; };
		0573571E2748B0F5004CAF03 /* artists.json in Resources */ = {isa = PBXBuildFile; fileRef = 0573571A2748B0F5004CAF03 /* artists.json */; };
		0573571F2748B0F5004CAF03 /* videos.json in Resources */ = {isa = PBXBuildFile; fileRef = 0573571B2748B0F5004CAF03 /* videos.json */; };
		057357202748B0F5004CAF03 /* covers.json in Resources */ = {isa = PBXBuildFile; fileRef = 0573571C2748B0F5004CAF03 /* covers.json */; };
		057357212748B0F5004CAF03 /* locations.json in Resources */ = {isa = PBXBuildFile; fileRef = 0573571D2748B0F5004CAF03 /* locations.json */; };
/* End PBXBuildFile section */

/* Begin PBXFileReference section */
		053C202C2748B4F100F85907 /* willsmith-video.mp4 */ = {isa = PBXFileReference; lastKnownFileType = file; path = "willsmith-video.mp4"; sourceTree = "<group>"; };
		053C202E2748B78100F85907 /* jaden-video.mp4 */ = {isa = PBXFileReference; lastKnownFileType = file; path = "jaden-video.mp4"; sourceTree = "<group>"; };
		053C20302748B79000F85907 /* badbunny-video.mp4 */ = {isa = PBXFileReference; lastKnownFileType = file; path = "badbunny-video.mp4"; sourceTree = "<group>"; };
		053C20322748B90700F85907 /* maluma-video.mp4 */ = {isa = PBXFileReference; lastKnownFileType = file; path = "maluma-video.mp4"; sourceTree = "<group>"; };
		053C20332748B90700F85907 /* selena-video.mp4 */ = {isa = PBXFileReference; lastKnownFileType = file; path = "selena-video.mp4"; sourceTree = "<group>"; };
		053C20342748B90700F85907 /* jbalvin-video.mp4 */ = {isa = PBXFileReference; lastKnownFileType = file; path = "jbalvin-video.mp4"; sourceTree = "<group>"; };
		053C20352748B90800F85907 /* travis.mp4 */ = {isa = PBXFileReference; lastKnownFileType = file; path = travis.mp4; sourceTree = "<group>"; };
		057357072748AF0D004CAF03 /* MusicPause.app */ = {isa = PBXFileReference; explicitFileType = wrapper.application; includeInIndex = 0; path = MusicPause.app; sourceTree = BUILT_PRODUCTS_DIR; };
		0573570A2748AF0D004CAF03 /* MusicPauseApp.swift */ = {isa = PBXFileReference; lastKnownFileType = sourcecode.swift; path = MusicPauseApp.swift; sourceTree = "<group>"; };
		0573570C2748AF0D004CAF03 /* ContentView.swift */ = {isa = PBXFileReference; lastKnownFileType = sourcecode.swift; path = ContentView.swift; sourceTree = "<group>"; };
		0573570E2748AF0E004CAF03 /* Assets.xcassets */ = {isa = PBXFileReference; lastKnownFileType = folder.assetcatalog; path = Assets.xcassets; sourceTree = "<group>"; };
		057357112748AF0E004CAF03 /* Preview Assets.xcassets */ = {isa = PBXFileReference; lastKnownFileType = folder.assetcatalog; path = "Preview Assets.xcassets"; sourceTree = "<group>"; };
		0573571A2748B0F5004CAF03 /* artists.json */ = {isa = PBXFileReference; fileEncoding = 4; lastKnownFileType = text.json; path = artists.json; sourceTree = "<group>"; };
		0573571B2748B0F5004CAF03 /* videos.json */ = {isa = PBXFileReference; fileEncoding = 4; lastKnownFileType = text.json; path = videos.json; sourceTree = "<group>"; };
		0573571C2748B0F5004CAF03 /* covers.json */ = {isa = PBXFileReference; fileEncoding = 4; lastKnownFileType = text.json; path = covers.json; sourceTree = "<group>"; };
		0573571D2748B0F5004CAF03 /* locations.json */ = {isa = PBXFileReference; fileEncoding = 4; lastKnownFileType = text.json; path = locations.json; sourceTree = "<group>"; };
/* End PBXFileReference section */

/* Begin PBXFrameworksBuildPhase section */
		057357042748AF0D004CAF03 /* Frameworks */ = {
			isa = PBXFrameworksBuildPhase;
			buildActionMask = 2147483647;
			files = (
			);
			runOnlyForDeploymentPostprocessing = 0;
		};
/* End PBXFrameworksBuildPhase section */

/* Begin PBXGroup section */
		057356FE2748AF0D004CAF03 = {
			isa = PBXGroup;
			children = (
				057357092748AF0D004CAF03 /* MusicPause */,
				057357082748AF0D004CAF03 /* Products */,
			);
			sourceTree = "<group>";
		};
		057357082748AF0D004CAF03 /* Products */ = {
			isa = PBXGroup;
			children = (
				057357072748AF0D004CAF03 /* MusicPause.app */,
			);
			name = Products;
			sourceTree = "<group>";
		};
		057357092748AF0D004CAF03 /* MusicPause */ = {
			isa = PBXGroup;
			children = (
				057357192748B0A0004CAF03 /* Video */,
				057357182748B093004CAF03 /* Data */,
				0573570A2748AF0D004CAF03 /* MusicPauseApp.swift */,
				0573570C2748AF0D004CAF03 /* ContentView.swift */,
				0573570E2748AF0E004CAF03 /* Assets.xcassets */,
				057357102748AF0E004CAF03 /* Preview Content */,
			);
			path = MusicPause;
			sourceTree = "<group>";
		};
		057357102748AF0E004CAF03 /* Preview Content */ = {
			isa = PBXGroup;
			children = (
				057357112748AF0E004CAF03 /* Preview Assets.xcassets */,
			);
			path = "Preview Content";
			sourceTree = "<group>";
		};
		057357182748B093004CAF03 /* Data */ = {
			isa = PBXGroup;
			children = (
				0573571A2748B0F5004CAF03 /* artists.json */,
				0573571C2748B0F5004CAF03 /* covers.json */,
				0573571D2748B0F5004CAF03 /* locations.json */,
				0573571B2748B0F5004CAF03 /* videos.json */,
			);
			path = Data;
			sourceTree = "<group>";
		};
		057357192748B0A0004CAF03 /* Video */ = {
			isa = PBXGroup;
			children = (
				053C20342748B90700F85907 /* jbalvin-video.mp4 */,
				053C20322748B90700F85907 /* maluma-video.mp4 */,
				053C20332748B90700F85907 /* selena-video.mp4 */,
				053C20352748B90800F85907 /* travis.mp4 */,
				053C20302748B79000F85907 /* badbunny-video.mp4 */,
				053C202E2748B78100F85907 /* jaden-video.mp4 */,
				053C202C2748B4F100F85907 /* willsmith-video.mp4 */,
			);
			path = Video;
			sourceTree = "<group>";
		};
/* End PBXGroup section */

/* Begin PBXNativeTarget section */
		057357062748AF0D004CAF03 /* MusicPause */ = {
			isa = PBXNativeTarget;
			buildConfigurationList = 057357152748AF0E004CAF03 /* Build configuration list for PBXNativeTarget "MusicPause" */;
			buildPhases = (
				057357032748AF0D004CAF03 /* Sources */,
				057357042748AF0D004CAF03 /* Frameworks */,
				057357052748AF0D004CAF03 /* Resources */,
			);
			buildRules = (
			);
			dependencies = (
			);
			name = MusicPause;
			productName = MusicPause;
			productReference = 057357072748AF0D004CAF03 /* MusicPause.app */;
			productType = "com.apple.product-type.application";
		};
/* End PBXNativeTarget section */

/* Begin PBXProject section */
		057356FF2748AF0D004CAF03 /* Project object */ = {
			isa = PBXProject;
			attributes = {
				BuildIndependentTargetsInParallel = 1;
				LastSwiftUpdateCheck = 1310;
				LastUpgradeCheck = 1310;
				TargetAttributes = {
					057357062748AF0D004CAF03 = {
						CreatedOnToolsVersion = 13.1;
					};
				};
			};
			buildConfigurationList = 057357022748AF0D004CAF03 /* Build configuration list for PBXProject "MusicPause" */;
			compatibilityVersion = "Xcode 13.0";
			developmentRegion = en;
			hasScannedForEncodings = 0;
			knownRegions = (
				en,
				Base,
			);
			mainGroup = 057356FE2748AF0D004CAF03;
			productRefGroup = 057357082748AF0D004CAF03 /* Products */;
			projectDirPath = "";
			projectRoot = "";
			targets = (
				057357062748AF0D004CAF03 /* MusicPause */,
			);
		};
/* End PBXProject section */

/* Begin PBXResourcesBuildPhase section */
		057357052748AF0D004CAF03 /* Resources */ = {
			isa = PBXResourcesBuildPhase;
			buildActionMask = 2147483647;
			files = (
				057357202748B0F5004CAF03 /* covers.json in Resources */,
				053C20312748B79000F85907 /* badbunny-video.mp4 in Resources */,
				053C20392748B90800F85907 /* travis.mp4 in Resources */,
				053C20372748B90800F85907 /* selena-video.mp4 in Resources */,
				053C20362748B90800F85907 /* maluma-video.mp4 in Resources */,
				053C202D2748B4F100F85907 /* willsmith-video.mp4 in Resources */,
				057357122748AF0E004CAF03 /* Preview Assets.xcassets in Resources */,
				053C20382748B90800F85907 /* jbalvin-video.mp4 in Resources */,
				0573571F2748B0F5004CAF03 /* videos.json in Resources */,
				053C202F2748B78100F85907 /* jaden-video.mp4 in Resources */,
				0573571E2748B0F5004CAF03 /* artists.json in Resources */,
				057357212748B0F5004CAF03 /* locations.json in Resources */,
				0573570F2748AF0E004CAF03 /* Assets.xcassets in Resources */,
			);
			runOnlyForDeploymentPostprocessing = 0;
		};
/* End PBXResourcesBuildPhase section */

/* Begin PBXSourcesBuildPhase section */
		057357032748AF0D004CAF03 /* Sources */ = {
			isa = PBXSourcesBuildPhase;
			buildActionMask = 2147483647;
			files = (
				0573570D2748AF0D004CAF03 /* ContentView.swift in Sources */,
				0573570B2748AF0D004CAF03 /* MusicPauseApp.swift in Sources */,
			);
			runOnlyForDeploymentPostprocessing = 0;
		};
/* End PBXSourcesBuildPhase section */

/* Begin XCBuildConfiguration section */
		057357132748AF0E004CAF03 /* Debug */ = {
			isa = XCBuildConfiguration;
			buildSettings = {
				ALWAYS_SEARCH_USER_PATHS = NO;
				CLANG_ANALYZER_NONNULL = YES;
				CLANG_ANALYZER_NUMBER_OBJECT_CONVERSION = YES_AGGRESSIVE;
				CLANG_CXX_LANGUAGE_STANDARD = "gnu++17";
				CLANG_CXX_LIBRARY = "libc++";
				CLANG_ENABLE_MODULES = YES;
				CLANG_ENABLE_OBJC_ARC = YES;
				CLANG_ENABLE_OBJC_WEAK = YES;
				CLANG_WARN_BLOCK_CAPTURE_AUTORELEASING = YES;
				CLANG_WARN_BOOL_CONVERSION = YES;
				CLANG_WARN_COMMA = YES;
				CLANG_WARN_CONSTANT_CONVERSION = YES;
				CLANG_WARN_DEPRECATED_OBJC_IMPLEMENTATIONS = YES;
				CLANG_WARN_DIRECT_OBJC_ISA_USAGE = YES_ERROR;
				CLANG_WARN_DOCUMENTATION_COMMENTS = YES;
				CLANG_WARN_EMPTY_BODY = YES;
				CLANG_WARN_ENUM_CONVERSION = YES;
				CLANG_WARN_INFINITE_RECURSION = YES;
				CLANG_WARN_INT_CONVERSION = YES;
				CLANG_WARN_NON_LITERAL_NULL_CONVERSION = YES;
				CLANG_WARN_OBJC_IMPLICIT_RETAIN_SELF = YES;
				CLANG_WARN_OBJC_LITERAL_CONVERSION = YES;
				CLANG_WARN_OBJC_ROOT_CLASS = YES_ERROR;
				CLANG_WARN_QUOTED_INCLUDE_IN_FRAMEWORK_HEADER = YES;
				CLANG_WARN_RANGE_LOOP_ANALYSIS = YES;
				CLANG_WARN_STRICT_PROTOTYPES = YES;
				CLANG_WARN_SUSPICIOUS_MOVE = YES;
				CLANG_WARN_UNGUARDED_AVAILABILITY = YES_AGGRESSIVE;
				CLANG_WARN_UNREACHABLE_CODE = YES;
				CLANG_WARN__DUPLICATE_METHOD_MATCH = YES;
				COPY_PHASE_STRIP = NO;
				DEBUG_INFORMATION_FORMAT = dwarf;
				ENABLE_STRICT_OBJC_MSGSEND = YES;
				ENABLE_TESTABILITY = YES;
				GCC_C_LANGUAGE_STANDARD = gnu11;
				GCC_DYNAMIC_NO_PIC = NO;
				GCC_NO_COMMON_BLOCKS = YES;
				GCC_OPTIMIZATION_LEVEL = 0;
				GCC_PREPROCESSOR_DEFINITIONS = (
					"DEBUG=1",
					"$(inherited)",
				);
				GCC_WARN_64_TO_32_BIT_CONVERSION = YES;
				GCC_WARN_ABOUT_RETURN_TYPE = YES_ERROR;
				GCC_WARN_UNDECLARED_SELECTOR = YES;
				GCC_WARN_UNINITIALIZED_AUTOS = YES_AGGRESSIVE;
				GCC_WARN_UNUSED_FUNCTION = YES;
				GCC_WARN_UNUSED_VARIABLE = YES;
				IPHONEOS_DEPLOYMENT_TARGET = 15.0;
				MTL_ENABLE_DEBUG_INFO = INCLUDE_SOURCE;
				MTL_FAST_MATH = YES;
				ONLY_ACTIVE_ARCH = YES;
				SDKROOT = iphoneos;
				SWIFT_ACTIVE_COMPILATION_CONDITIONS = DEBUG;
				SWIFT_OPTIMIZATION_LEVEL = "-Onone";
			};
			name = Debug;
		};
		057357142748AF0E004CAF03 /* Release */ = {
			isa = XCBuildConfiguration;
			buildSettings = {
				ALWAYS_SEARCH_USER_PATHS = NO;
				CLANG_ANALYZER_NONNULL = YES;
				CLANG_ANALYZER_NUMBER_OBJECT_CONVERSION = YES_AGGRESSIVE;
				CLANG_CXX_LANGUAGE_STANDARD = "gnu++17";
				CLANG_CXX_LIBRARY = "libc++";
				CLANG_ENABLE_MODULES = YES;
				CLANG_ENABLE_OBJC_ARC = YES;
				CLANG_ENABLE_OBJC_WEAK = YES;
				CLANG_WARN_BLOCK_CAPTURE_AUTORELEASING = YES;
				CLANG_WARN_BOOL_CONVERSION = YES;
				CLANG_WARN_COMMA = YES;
				CLANG_WARN_CONSTANT_CONVERSION = YES;
				CLANG_WARN_DEPRECATED_OBJC_IMPLEMENTATIONS = YES;
				CLANG_WARN_DIRECT_OBJC_ISA_USAGE = YES_ERROR;
				CLANG_WARN_DOCUMENTATION_COMMENTS = YES;
				CLANG_WARN_EMPTY_BODY = YES;
				CLANG_WARN_ENUM_CONVERSION = YES;
				CLANG_WARN_INFINITE_RECURSION = YES;
				CLANG_WARN_INT_CONVERSION = YES;
				CLANG_WARN_NON_LITERAL_NULL_CONVERSION = YES;
				CLANG_WARN_OBJC_IMPLICIT_RETAIN_SELF = YES;
				CLANG_WARN_OBJC_LITERAL_CONVERSION = YES;
				CLANG_WARN_OBJC_ROOT_CLASS = YES_ERROR;
				CLANG_WARN_QUOTED_INCLUDE_IN_FRAMEWORK_HEADER = YES;
				CLANG_WARN_RANGE_LOOP_ANALYSIS = YES;
				CLANG_WARN_STRICT_PROTOTYPES = YES;
				CLANG_WARN_SUSPICIOUS_MOVE = YES;
				CLANG_WARN_UNGUARDED_AVAILABILITY = YES_AGGRESSIVE;
				CLANG_WARN_UNREACHABLE_CODE = YES;
				CLANG_WARN__DUPLICATE_METHOD_MATCH = YES;
				COPY_PHASE_STRIP = NO;
				DEBUG_INFORMATION_FORMAT = "dwarf-with-dsym";
				ENABLE_NS_ASSERTIONS = NO;
				ENABLE_STRICT_OBJC_MSGSEND = YES;
				GCC_C_LANGUAGE_STANDARD = gnu11;
				GCC_NO_COMMON_BLOCKS = YES;
				GCC_WARN_64_TO_32_BIT_CONVERSION = YES;
				GCC_WARN_ABOUT_RETURN_TYPE = YES_ERROR;
				GCC_WARN_UNDECLARED_SELECTOR = YES;
				GCC_WARN_UNINITIALIZED_AUTOS = YES_AGGRESSIVE;
				GCC_WARN_UNUSED_FUNCTION = YES;
				GCC_WARN_UNUSED_VARIABLE = YES;
				IPHONEOS_DEPLOYMENT_TARGET = 15.0;
				MTL_ENABLE_DEBUG_INFO = NO;
				MTL_FAST_MATH = YES;
				SDKROOT = iphoneos;
				SWIFT_COMPILATION_MODE = wholemodule;
				SWIFT_OPTIMIZATION_LEVEL = "-O";
				VALIDATE_PRODUCT = YES;
			};
			name = Release;
		};
		057357162748AF0E004CAF03 /* Debug */ = {
			isa = XCBuildConfiguration;
			buildSettings = {
				ASSETCATALOG_COMPILER_APPICON_NAME = AppIcon;
				ASSETCATALOG_COMPILER_GLOBAL_ACCENT_COLOR_NAME = AccentColor;
				CODE_SIGN_STYLE = Automatic;
				CURRENT_PROJECT_VERSION = 1;
				DEVELOPMENT_ASSET_PATHS = "\"MusicPause/Preview Content\"";
				DEVELOPMENT_TEAM = F26L3GH72M;
				ENABLE_PREVIEWS = YES;
				GENERATE_INFOPLIST_FILE = YES;
				INFOPLIST_KEY_UIApplicationSceneManifest_Generation = YES;
				INFOPLIST_KEY_UIApplicationSupportsIndirectInputEvents = YES;
				INFOPLIST_KEY_UILaunchScreen_Generation = YES;
				INFOPLIST_KEY_UISupportedInterfaceOrientations_iPad = "UIInterfaceOrientationPortrait UIInterfaceOrientationPortraitUpsideDown UIInterfaceOrientationLandscapeLeft UIInterfaceOrientationLandscapeRight";
				INFOPLIST_KEY_UISupportedInterfaceOrientations_iPhone = "UIInterfaceOrientationPortrait UIInterfaceOrientationLandscapeLeft UIInterfaceOrientationLandscapeRight";
				LD_RUNPATH_SEARCH_PATHS = (
					"$(inherited)",
					"@executable_path/Frameworks",
				);
				MARKETING_VERSION = 1.0;
				PRODUCT_BUNDLE_IDENTIFIER = com.andresharo.MusicPause;
				PRODUCT_NAME = "$(TARGET_NAME)";
				SWIFT_EMIT_LOC_STRINGS = YES;
				SWIFT_VERSION = 5.0;
				TARGETED_DEVICE_FAMILY = "1,2";
			};
			name = Debug;
		};
		057357172748AF0E004CAF03 /* Release */ = {
			isa = XCBuildConfiguration;
			buildSettings = {
				ASSETCATALOG_COMPILER_APPICON_NAME = AppIcon;
				ASSETCATALOG_COMPILER_GLOBAL_ACCENT_COLOR_NAME = AccentColor;
				CODE_SIGN_STYLE = Automatic;
				CURRENT_PROJECT_VERSION = 1;
				DEVELOPMENT_ASSET_PATHS = "\"MusicPause/Preview Content\"";
				DEVELOPMENT_TEAM = F26L3GH72M;
				ENABLE_PREVIEWS = YES;
				GENERATE_INFOPLIST_FILE = YES;
				INFOPLIST_KEY_UIApplicationSceneManifest_Generation = YES;
				INFOPLIST_KEY_UIApplicationSupportsIndirectInputEvents = YES;
				INFOPLIST_KEY_UILaunchScreen_Generation = YES;
				INFOPLIST_KEY_UISupportedInterfaceOrientations_iPad = "UIInterfaceOrientationPortrait UIInterfaceOrientationPortraitUpsideDown UIInterfaceOrientationLandscapeLeft UIInterfaceOrientationLandscapeRight";
				INFOPLIST_KEY_UISupportedInterfaceOrientations_iPhone = "UIInterfaceOrientationPortrait UIInterfaceOrientationLandscapeLeft UIInterfaceOrientationLandscapeRight";
				LD_RUNPATH_SEARCH_PATHS = (
					"$(inherited)",
					"@executable_path/Frameworks",
				);
				MARKETING_VERSION = 1.0;
				PRODUCT_BUNDLE_IDENTIFIER = com.andresharo.MusicPause;
				PRODUCT_NAME = "$(TARGET_NAME)";
				SWIFT_EMIT_LOC_STRINGS = YES;
				SWIFT_VERSION = 5.0;
				TARGETED_DEVICE_FAMILY = "1,2";
			};
			name = Release;
		};
/* End XCBuildConfiguration section */

/* Begin XCConfigurationList section */
		057357022748AF0D004CAF03 /* Build configuration list for PBXProject "MusicPause" */ = {
			isa = XCConfigurationList;
			buildConfigurations = (
				057357132748AF0E004CAF03 /* Debug */,
				057357142748AF0E004CAF03 /* Release */,
			);
			defaultConfigurationIsVisible = 0;
			defaultConfigurationName = Release;
		};
		057357152748AF0E004CAF03 /* Build configuration list for PBXNativeTarget "MusicPause" */ = {
			isa = XCConfigurationList;
			buildConfigurations = (
				057357162748AF0E004CAF03 /* Debug */,
				057357172748AF0E004CAF03 /* Release */,
			);
			defaultConfigurationIsVisible = 0;
			defaultConfigurationName = Release;
		};
/* End XCConfigurationList section */
	};
	rootObject = 057356FF2748AF0D004CAF03 /* Project object */;
}
